
Microsoft Visual Studio Solution File, Format Version 12.00
# Visual Studio Version 17
VisualStudioVersion = 17.5.002.0
MinimumVisualStudioVersion = 10.0.40219.1
Project("{9A19103F-16F7-4668-BE54-9A1E7A4F7556}") = "netyacc2", "netyacc2.csproj", "{BAF5322F-E45D-46D6-B869-FBE8CCF3C30C}"
EndProject
Global
	GlobalSection(SolutionConfigurationPlatforms) = preSolution
		Debug|Any CPU = Debug|Any CPU
		Release|Any CPU = Release|Any CPU
	EndGlobalSection
	GlobalSection(ProjectConfigurationPlatforms) = postSolution
		{BAF5322F-E45D-46D6-B869-FBE8CCF3C30C}.Debug|Any CPU.ActiveCfg = Debug|Any CPU
		{BAF5322F-E45D-46D6-B869-FBE8CCF3C30C}.Debug|Any CPU.Build.0 = Debug|Any CPU
		{BAF5322F-E45D-46D6-B869-FBE8CCF3C30C}.Release|Any CPU.ActiveCfg = Release|Any CPU
		{BAF5322F-E45D-46D6-B869-FBE8CCF3C30C}.Release|Any CPU.Build.0 = Release|Any CPU
	EndGlobalSection
	GlobalSection(SolutionProperties) = preSolution
		HideSolutionNode = FALSE
	EndGlobalSection
	GlobalSection(ExtensibilityGlobals) = postSolution
		SolutionGuid = {D21B5099-B9AC-4EF0-B1AC-174B4949F25E}
	EndGlobalSection
EndGlobal
